PODS:
  - Braintree (3.9.9):
    - Braintree/API (= 3.9.9)
    - Braintree/Coinbase (= 3.9.9)
    - Braintree/Drop-In (= 3.9.9)
    - Braintree/Payments (= 3.9.9)
    - Braintree/PayPal (= 3.9.9)
    - Braintree/UI (= 3.9.9)
    - Braintree/Venmo (= 3.9.9)
  - Braintree/API (3.9.9)
  - Braintree/Coinbase (3.9.9):
    - Braintree/API
  - Braintree/Drop-In (3.9.9):
    - Braintree/API
    - Braintree/Coinbase
    - Braintree/Payments
    - Braintree/PayPal
    - Braintree/UI
    - Braintree/Venmo
  - Braintree/Payments (3.9.9):
    - Braintree/API
    - Braintree/Coinbase
    - Braintree/PayPal
    - Braintree/Venmo
  - Braintree/PayPal (3.9.9):
    - Braintree/API
    - Braintree/UI
  - Braintree/UI (3.9.9):
    - Braintree/API
  - Braintree/Venmo (3.9.9):
    - Braintree/API
  - MZTimerLabel (0.5.4)

DEPENDENCIES:
  - Braintree (~> 3.9)
  - MZTimerLabel

SPEC CHECKSUMS:
  Braintree: a9d35b7d5a8d76267adcb5795d32c20ca5f39a99
  MZTimerLabel: cd9bfb9304540ef2a9e163384fca9c978f0dbf83

PODFILE CHECKSUM: 2096b4123f75bae5f0b57c473f920b1e5231d249

COCOAPODS: 1.2.1
